
Microsoft Visual Studio Solution File, Format Version 12.00
# Visual Studio Version 17
VisualStudioVersion = 17.3.32825.248
MinimumVisualStudioVersion = 10.0.40219.1
Project("{FAE04EC0-301F-11D3-BF4B-00C04F79EFBC}") = "FunnyProject", "FunnyProject\FunnyProject.csproj", "{882EB4B0-C43A-45AF-BB7E-58596DE56FE6}"
EndProject
Global
	GlobalSection(SolutionConfigurationPlatforms) = preSolution
		Debug|Any CPU = Debug|Any CPU
		Release|Any CPU = Release|Any CPU
	EndGlobalSection
	GlobalSection(ProjectConfigurationPlatforms) = postSolution
		{882EB4B0-C43A-45AF-BB7E-58596DE56FE6}.Debug|Any CPU.ActiveCfg = Debug|Any CPU
		{882EB4B0-C43A-45AF-BB7E-58596DE56FE6}.Debug|Any CPU.Build.0 = Debug|Any CPU
		{882EB4B0-C43A-45AF-BB7E-58596DE56FE6}.Release|Any CPU.ActiveCfg = Release|Any CPU
		{882EB4B0-C43A-45AF-BB7E-58596DE56FE6}.Release|Any CPU.Build.0 = Release|Any CPU
	EndGlobalSection
	GlobalSection(SolutionProperties) = preSolution
		HideSolutionNode = FALSE
	EndGlobalSection
	GlobalSection(ExtensibilityGlobals) = postSolution
		SolutionGuid = {FC43B4E5-4AC1-45DD-BEAF-1D5644A1E10C}
	EndGlobalSection
EndGlobal
